<?xml version="1.0" encoding="utf-8"?>
<Project ToolsVersion="4.0" xmlns="http://schemas.microsoft.com/developer/msbuild/2003">
  <ItemGroup>
    <Filter Include="Source Files">
      <UniqueIdentifier>{4FC737F1-C7A5-4376-A066-2A32D752A2FF}</UniqueIdentifier>
      <Extensions>cpp;c;cc;cxx;def;odl;idl;hpj;bat;asm;asmx</Extensions>
    </Filter>
    <Filter Include="Header Files">
      <UniqueIdentifier>{93995380-89BD-4b04-88EB-625FBE52EBFB}</UniqueIdentifier>
      <Extensions>h;hpp;hxx;hm;inl;inc;xsd</Extensions>
    </Filter>
    <Filter Include="Resource Files">
      <UniqueIdentifier>{67DA6AB6-F800-4c08-8B7A-83BB121AAD01}</UniqueIdentifier>
      <Extensions>rc;ico;cur;bmp;dlg;rc2;rct;bin;rgs;gif;jpg;jpeg;jpe;resx;tiff;tif;png;wav;mfcribbon-ms</Extensions>
    </Filter>
    <Filter Include="Header Files\API">
      <UniqueIdentifier>{71502909-2b36-459b-8374-dfe333b22375}</UniqueIdentifier>
    </Filter>
  </ItemGroup>
  <ItemGroup>
    <ClCompile Include="Broadcaster.cpp">
      <Filter>Source Files</Filter>
    </ClCompile>
    <ClCompile Include="FlowRouter.cpp">
      <Filter>Source Files</Filter>
    </ClCompile>
    <ClCompile Include="MessageGenerator.cpp">
      <Filter>Source Files</Filter>
    </ClCompile>
    <ClCompile Include="MessageListener.cpp">
      <Filter>Source Files</Filter>
    </ClCompile>
    <ClCompile Include="ObjectAllocation.cpp">
      <Filter>Source Files</Filter>
    </ClCompile>
    <ClCompile Include="PointArea.cpp">
      <Filter>Source Files</Filter>
    </ClCompile>
    <ClCompile Include="PointControl.cpp">
      <Filter>Source Files</Filter>
    </ClCompile>
    <ClCompile Include="PointDenoiser.cpp">
      <Filter>Source Files</Filter>
    </ClCompile>
    <ClCompile Include="PointFilter.cpp">
      <Filter>Source Files</Filter>
    </ClCompile>
    <ClCompile Include="PushDetector.cpp">
      <Filter>Source Files</Filter>
    </ClCompile>
    <ClCompile Include="SelectableSlider1D.cpp">
      <Filter>Source Files</Filter>
    </ClCompile>
    <ClCompile Include="SelectableSlider2D.cpp">
      <Filter>Source Files</Filter>
    </ClCompile>
    <ClCompile Include="SessionGenerator.cpp">
      <Filter>Source Files</Filter>
    </ClCompile>
    <ClCompile Include="SessionManager.cpp">
      <Filter>Source Files</Filter>
    </ClCompile>
    <ClCompile Include="SteadyDetector.cpp">
      <Filter>Source Files</Filter>
    </ClCompile>
    <ClCompile Include="SwipeDetector.cpp">
      <Filter>Source Files</Filter>
    </ClCompile>
    <ClCompile Include="XnVCNITE.cpp">
      <Filter>Source Files</Filter>
    </ClCompile>
    <ClCompile Include="XnVCNITEImpl.cpp">
      <Filter>Source Files</Filter>
    </ClCompile>
  </ItemGroup>
  <ItemGroup>
    <ClInclude Include="MessageGenerator.h">
      <Filter>Header Files</Filter>
    </ClInclude>
    <ClInclude Include="MessageListener.h">
      <Filter>Header Files</Filter>
    </ClInclude>
    <ClInclude Include="ObjectAllocation.h">
      <Filter>Header Files</Filter>
    </ClInclude>
    <ClInclude Include="PointControl.h">
      <Filter>Header Files</Filter>
    </ClInclude>
    <ClInclude Include="PointFilter.h">
      <Filter>Header Files</Filter>
    </ClInclude>
    <ClInclude Include="SessionGenerator.h">
      <Filter>Header Files</Filter>
    </ClInclude>
    <ClInclude Include="API\XnVCNITE.h">
      <Filter>Header Files\API</Filter>
    </ClInclude>
  </ItemGroup>
</Project>