<?xml version="1.0" encoding="utf-8"?>
<Project ToolsVersion="4.0" xmlns="http://schemas.microsoft.com/developer/msbuild/2003">
  <ItemGroup>
    <Filter Include="Source Files">
      <UniqueIdentifier>{4FC737F1-C7A5-4376-A066-2A32D752A2FF}</UniqueIdentifier>
      <Extensions>cpp;c;cc;cxx;def;odl;idl;hpj;bat;asm;asmx</Extensions>
    </Filter>
    <Filter Include="Header Files">
      <UniqueIdentifier>{93995380-89BD-4b04-88EB-625FBE52EBFB}</UniqueIdentifier>
      <Extensions>h;hpp;hxx;hm;inl;inc;xsd</Extensions>
    </Filter>
    <Filter Include="Resource Files">
      <UniqueIdentifier>{67DA6AB6-F800-4c08-8B7A-83BB121AAD01}</UniqueIdentifier>
      <Extensions>rc;ico;cur;bmp;dlg;rc2;rct;bin;rgs;gif;jpg;jpeg;jpe;resx;tiff;tif;png;wav;mfcribbon-ms</Extensions>
    </Filter>
  </ItemGroup>
  <ItemGroup>
    <ClInclude Include="..\Include\XnV3DVector.h">
      <Filter>Header Files</Filter>
    </ClInclude>
    <ClInclude Include="..\Include\XnVActivationMessage.h">
      <Filter>Header Files</Filter>
    </ClInclude>
    <ClInclude Include="..\Include\XnVBroadcaster.h">
      <Filter>Header Files</Filter>
    </ClInclude>
    <ClInclude Include="..\Include\XnVCCMessage.h">
      <Filter>Header Files</Filter>
    </ClInclude>
    <ClInclude Include="..\Include\XnVDirection.h">
      <Filter>Header Files</Filter>
    </ClInclude>
    <ClInclude Include="..\Include\XnVFilter.h">
      <Filter>Header Files</Filter>
    </ClInclude>
    <ClInclude Include="..\Include\XnVFlowRouter.h">
      <Filter>Header Files</Filter>
    </ClInclude>
    <ClInclude Include="..\Include\XnVGesture.h">
      <Filter>Header Files</Filter>
    </ClInclude>
    <ClInclude Include="..\Include\XnVHandle.h">
      <Filter>Header Files</Filter>
    </ClInclude>
    <ClInclude Include="..\Include\XnVHandPointContext.h">
      <Filter>Header Files</Filter>
    </ClInclude>
    <ClInclude Include="..\Include\XnVMathCommon.h">
      <Filter>Header Files</Filter>
    </ClInclude>
    <ClInclude Include="..\Include\XnVMessage.h">
      <Filter>Header Files</Filter>
    </ClInclude>
    <ClInclude Include="..\Include\XnVMessageGenerator.h">
      <Filter>Header Files</Filter>
    </ClInclude>
    <ClInclude Include="..\Include\XnVMessageListener.h">
      <Filter>Header Files</Filter>
    </ClInclude>
    <ClInclude Include="..\Include\XnVMultipleHands.h">
      <Filter>Header Files</Filter>
    </ClInclude>
    <ClInclude Include="..\Include\XnVNite.h">
      <Filter>Header Files</Filter>
    </ClInclude>
    <ClInclude Include="..\Include\XnVNiteControls.h">
      <Filter>Header Files</Filter>
    </ClInclude>
    <ClInclude Include="..\Include\XnVNiteDefs.h">
      <Filter>Header Files</Filter>
    </ClInclude>
    <ClInclude Include="..\Include\XnVNiteFramework.h">
      <Filter>Header Files</Filter>
    </ClInclude>
    <ClInclude Include="..\Include\XnVNiteLog.h">
      <Filter>Header Files</Filter>
    </ClInclude>
    <ClInclude Include="..\Include\XnVNiteStatus.h">
      <Filter>Header Files</Filter>
    </ClInclude>
    <ClInclude Include="..\Include\XnVNiteVersion.h">
      <Filter>Header Files</Filter>
    </ClInclude>
    <ClInclude Include="..\Include\XnVPointArea.h">
      <Filter>Header Files</Filter>
    </ClInclude>
    <ClInclude Include="..\Include\XnVPointControl.h">
      <Filter>Header Files</Filter>
    </ClInclude>
    <ClInclude Include="..\Include\XnVPointDenoiser.h">
      <Filter>Header Files</Filter>
    </ClInclude>
    <ClInclude Include="..\Include\XnVPointFilter.h">
      <Filter>Header Files</Filter>
    </ClInclude>
    <ClInclude Include="..\Include\XnVPointMessage.h">
      <Filter>Header Files</Filter>
    </ClInclude>
    <ClInclude Include="..\Include\XnVPointTracker.h">
      <Filter>Header Files</Filter>
    </ClInclude>
    <ClInclude Include="..\Include\XnVPushDetector.h">
      <Filter>Header Files</Filter>
    </ClInclude>
    <ClInclude Include="..\Include\XnVSelectableSlider1D.h">
      <Filter>Header Files</Filter>
    </ClInclude>
    <ClInclude Include="..\Include\XnVSelectableSlider2D.h">
      <Filter>Header Files</Filter>
    </ClInclude>
    <ClInclude Include="..\Include\XnVSessionGenerator.h">
      <Filter>Header Files</Filter>
    </ClInclude>
    <ClInclude Include="..\Include\XnVSessionListener.h">
      <Filter>Header Files</Filter>
    </ClInclude>
    <ClInclude Include="..\Include\XnVSessionManager.h">
      <Filter>Header Files</Filter>
    </ClInclude>
    <ClInclude Include="..\Include\XnVSessionMessage.h">
      <Filter>Header Files</Filter>
    </ClInclude>
    <ClInclude Include="..\Include\XnVSlider1D.h">
      <Filter>Header Files</Filter>
    </ClInclude>
    <ClInclude Include="..\Include\XnVSlider2D.h">
      <Filter>Header Files</Filter>
    </ClInclude>
    <ClInclude Include="..\Include\XnVSlider3D.h">
      <Filter>Header Files</Filter>
    </ClInclude>
    <ClInclude Include="..\Include\XnVSteadyDetector.h">
      <Filter>Header Files</Filter>
    </ClInclude>
    <ClInclude Include="..\Include\XnVSwipeDetector.h">
      <Filter>Header Files</Filter>
    </ClInclude>
    <ClInclude Include="XnVBuiltInGesture.h">
      <Filter>Source Files</Filter>
    </ClInclude>
    <ClInclude Include="XnVBuiltInPointTracker.h">
      <Filter>Source Files</Filter>
    </ClInclude>
    <ClInclude Include="XnVNiteEvents.h">
      <Filter>Source Files</Filter>
    </ClInclude>
    <ClInclude Include="XnVPointBuffer.h">
      <Filter>Source Files</Filter>
    </ClInclude>
    <ClInclude Include="XnVSessionListenerList.h">
      <Filter>Source Files</Filter>
    </ClInclude>
    <ClInclude Include="..\Include\XnVMultiItem1D.h">
      <Filter>Header Files</Filter>
    </ClInclude>
    <ClInclude Include="..\Include\XnVMultiItem2D.h">
      <Filter>Header Files</Filter>
    </ClInclude>
  </ItemGroup>
  <ItemGroup>
    <ClCompile Include="XnVActivationMessage.cpp">
      <Filter>Source Files</Filter>
    </ClCompile>
    <ClCompile Include="XnVBroadcaster.cpp">
      <Filter>Source Files</Filter>
    </ClCompile>
    <ClCompile Include="XnVBuiltInGesture.cpp">
      <Filter>Source Files</Filter>
    </ClCompile>
    <ClCompile Include="XnVBuiltInPointTracker.cpp">
      <Filter>Source Files</Filter>
    </ClCompile>
    <ClCompile Include="XnVCCMessage.cpp">
      <Filter>Source Files</Filter>
    </ClCompile>
    <ClCompile Include="XnVFilter.cpp">
      <Filter>Source Files</Filter>
    </ClCompile>
    <ClCompile Include="XnVFlowRouter.cpp">
      <Filter>Source Files</Filter>
    </ClCompile>
    <ClCompile Include="XnVGesture.cpp">
      <Filter>Source Files</Filter>
    </ClCompile>
    <ClCompile Include="XnVHandIterator.cpp">
      <Filter>Source Files</Filter>
    </ClCompile>
    <ClCompile Include="XnVMessage.cpp">
      <Filter>Source Files</Filter>
    </ClCompile>
    <ClCompile Include="XnVMessageGenerator.cpp">
      <Filter>Source Files</Filter>
    </ClCompile>
    <ClCompile Include="XnVMessageListener.cpp">
      <Filter>Source Files</Filter>
    </ClCompile>
    <ClCompile Include="XnVMultipleHands.cpp">
      <Filter>Source Files</Filter>
    </ClCompile>
    <ClCompile Include="XnVNite.cpp">
      <Filter>Source Files</Filter>
    </ClCompile>
    <ClCompile Include="XnVPointArea.cpp">
      <Filter>Source Files</Filter>
    </ClCompile>
    <ClCompile Include="XnVPointBuffer.cpp">
      <Filter>Source Files</Filter>
    </ClCompile>
    <ClCompile Include="XnVPointControl.cpp">
      <Filter>Source Files</Filter>
    </ClCompile>
    <ClCompile Include="XnVPointDenoiser.cpp">
      <Filter>Source Files</Filter>
    </ClCompile>
    <ClCompile Include="XnVPointFilter.cpp">
      <Filter>Source Files</Filter>
    </ClCompile>
    <ClCompile Include="XnVPointMessage.cpp">
      <Filter>Source Files</Filter>
    </ClCompile>
    <ClCompile Include="XnVPointTracker.cpp">
      <Filter>Source Files</Filter>
    </ClCompile>
    <ClCompile Include="XnVPushDetector.cpp">
      <Filter>Source Files</Filter>
    </ClCompile>
    <ClCompile Include="XnVSelectableSlider1D.cpp">
      <Filter>Source Files</Filter>
    </ClCompile>
    <ClCompile Include="XnVSelectableSlider2D.cpp">
      <Filter>Source Files</Filter>
    </ClCompile>
    <ClCompile Include="XnVSessionGenerator.cpp">
      <Filter>Source Files</Filter>
    </ClCompile>
    <ClCompile Include="XnVSessionListenerList.cpp">
      <Filter>Source Files</Filter>
    </ClCompile>
    <ClCompile Include="XnVSessionManager.cpp">
      <Filter>Source Files</Filter>
    </ClCompile>
    <ClCompile Include="XnVSessionMessage.cpp">
      <Filter>Source Files</Filter>
    </ClCompile>
    <ClCompile Include="XnVSlider1D.cpp">
      <Filter>Source Files</Filter>
    </ClCompile>
    <ClCompile Include="XnVSlider2D.cpp">
      <Filter>Source Files</Filter>
    </ClCompile>
    <ClCompile Include="XnVSlider3D.cpp">
      <Filter>Source Files</Filter>
    </ClCompile>
    <ClCompile Include="XnVSteadyDetector.cpp">
      <Filter>Source Files</Filter>
    </ClCompile>
    <ClCompile Include="XnVSwipeDetector.cpp">
      <Filter>Source Files</Filter>
    </ClCompile>
    <ClCompile Include="XnVMultiItem1D.cpp">
      <Filter>Source Files</Filter>
    </ClCompile>
    <ClCompile Include="XnVMultiItem2D.cpp">
      <Filter>Source Files</Filter>
    </ClCompile>
  </ItemGroup>
</Project>